
Microsoft Visual Studio Solution File, Format Version 12.00
# Visual Studio Version 17
VisualStudioVersion = 17.1.32210.238
MinimumVisualStudioVersion = 10.0.40219.1
Project("{2150E333-8FDC-42A3-9474-1A3956D46DE8}") = "src", "src", "{E150C911-2D3B-47D8-B65C-7A211861D3D9}"
EndProject
Project("{2150E333-8FDC-42A3-9474-1A3956D46DE8}") = "tests", "tests", "{C5CEC3C2-2E1F-4F1B-B6C8-A3A3D4F980CF}"
EndProject
Project("{FAE04EC0-301F-11D3-BF4B-00C04F79EFBC}") = "Infrastructure", "src\Infrastructure\Infrastructure.csproj", "{9605DCE8-2618-440B-8027-36CD6F6FFD85}"
EndProject
Project("{FAE04EC0-301F-11D3-BF4B-00C04F79EFBC}") = "Core", "src\Core\Core.csproj", "{CF7795E4-251B-4418-A0CE-4F45E2C451F2}"
EndProject
Project("{9A19103F-16F7-4668-BE54-9A1E7A4F7556}") = "Api", "src\Api\Api.csproj", "{E3DD4192-8CEB-499F-BEB3-E24F0C256013}"
EndProject
Project("{FAE04EC0-301F-11D3-BF4B-00C04F79EFBC}") = "IntegrationTests", "tests\IntegrationTests\IntegrationTests.csproj", "{3F335013-452D-43BD-A14B-30416E5BCE9F}"
EndProject
Project("{FAE04EC0-301F-11D3-BF4B-00C04F79EFBC}") = "UnitTests", "tests\UnitTests\UnitTests.csproj", "{552A24EF-8F83-46AF-B4B1-77B8222916E3}"
EndProject
Project("{2150E333-8FDC-42A3-9474-1A3956D46DE8}") = "Solution Items", "Solution Items", "{CAFD9881-36DD-4DA7-AA92-BFECA55FAC75}"
	ProjectSection(SolutionItems) = preProject
		docker-compose.override.yml = docker-compose.override.yml
		docker-compose.yml = docker-compose.yml
		README.md = README.md
	EndProjectSection
EndProject
Global
	GlobalSection(SolutionConfigurationPlatforms) = preSolution
		Debug|Any CPU = Debug|Any CPU
		Release|Any CPU = Release|Any CPU
	EndGlobalSection
	GlobalSection(ProjectConfigurationPlatforms) = postSolution
		{9605DCE8-2618-440B-8027-36CD6F6FFD85}.Debug|Any CPU.ActiveCfg = Debug|Any CPU
		{9605DCE8-2618-440B-8027-36CD6F6FFD85}.Debug|Any CPU.Build.0 = Debug|Any CPU
		{9605DCE8-2618-440B-8027-36CD6F6FFD85}.Release|Any CPU.ActiveCfg = Release|Any CPU
		{9605DCE8-2618-440B-8027-36CD6F6FFD85}.Release|Any CPU.Build.0 = Release|Any CPU
		{CF7795E4-251B-4418-A0CE-4F45E2C451F2}.Debug|Any CPU.ActiveCfg = Debug|Any CPU
		{CF7795E4-251B-4418-A0CE-4F45E2C451F2}.Debug|Any CPU.Build.0 = Debug|Any CPU
		{CF7795E4-251B-4418-A0CE-4F45E2C451F2}.Release|Any CPU.ActiveCfg = Release|Any CPU
		{CF7795E4-251B-4418-A0CE-4F45E2C451F2}.Release|Any CPU.Build.0 = Release|Any CPU
		{E3DD4192-8CEB-499F-BEB3-E24F0C256013}.Debug|Any CPU.ActiveCfg = Debug|Any CPU
		{E3DD4192-8CEB-499F-BEB3-E24F0C256013}.Debug|Any CPU.Build.0 = Debug|Any CPU
		{E3DD4192-8CEB-499F-BEB3-E24F0C256013}.Release|Any CPU.ActiveCfg = Release|Any CPU
		{E3DD4192-8CEB-499F-BEB3-E24F0C256013}.Release|Any CPU.Build.0 = Release|Any CPU
		{3F335013-452D-43BD-A14B-30416E5BCE9F}.Debug|Any CPU.ActiveCfg = Debug|Any CPU
		{3F335013-452D-43BD-A14B-30416E5BCE9F}.Debug|Any CPU.Build.0 = Debug|Any CPU
		{3F335013-452D-43BD-A14B-30416E5BCE9F}.Release|Any CPU.ActiveCfg = Release|Any CPU
		{3F335013-452D-43BD-A14B-30416E5BCE9F}.Release|Any CPU.Build.0 = Release|Any CPU
		{552A24EF-8F83-46AF-B4B1-77B8222916E3}.Debug|Any CPU.ActiveCfg = Debug|Any CPU
		{552A24EF-8F83-46AF-B4B1-77B8222916E3}.Debug|Any CPU.Build.0 = Debug|Any CPU
		{552A24EF-8F83-46AF-B4B1-77B8222916E3}.Release|Any CPU.ActiveCfg = Release|Any CPU
		{552A24EF-8F83-46AF-B4B1-77B8222916E3}.Release|Any CPU.Build.0 = Release|Any CPU
	EndGlobalSection
	GlobalSection(SolutionProperties) = preSolution
		HideSolutionNode = FALSE
	EndGlobalSection
	GlobalSection(NestedProjects) = preSolution
		{9605DCE8-2618-440B-8027-36CD6F6FFD85} = {E150C911-2D3B-47D8-B65C-7A211861D3D9}
		{CF7795E4-251B-4418-A0CE-4F45E2C451F2} = {E150C911-2D3B-47D8-B65C-7A211861D3D9}
		{E3DD4192-8CEB-499F-BEB3-E24F0C256013} = {E150C911-2D3B-47D8-B65C-7A211861D3D9}
		{3F335013-452D-43BD-A14B-30416E5BCE9F} = {C5CEC3C2-2E1F-4F1B-B6C8-A3A3D4F980CF}
		{552A24EF-8F83-46AF-B4B1-77B8222916E3} = {C5CEC3C2-2E1F-4F1B-B6C8-A3A3D4F980CF}
	EndGlobalSection
	GlobalSection(ExtensibilityGlobals) = postSolution
		SolutionGuid = {95158310-0001-42B5-B1BC-4D16F98B39EF}
	EndGlobalSection
EndGlobal
